// !$*UTF8*$!
{
	archiveVersion = 1;
	classes = {
	};
	objectVersion = 55;
	objects = {

/* Begin PBXBuildFile section */
		89609FC12757CE12007E4F2D /* AppDelegate.swift in Sources */ = {isa = PBXBuildFile; fileRef = 89609FC02757CE12007E4F2D /* AppDelegate.swift */; };
		89609FC32757CE13007E4F2D /* SceneDelegate.swift in Sources */ = {isa = PBXBuildFile; fileRef = 89609FC22757CE13007E4F2D /* SceneDelegate.swift */; };
		89609FC52757CE13007E4F2D /* SearchViewController.swift in Sources */ = {isa = PBXBuildFile; fileRef = 89609FC42757CE13007E4F2D /* SearchViewController.swift */; };
		89609FC82757CE13007E4F2D /* Main.storyboard in Resources */ = {isa = PBXBuildFile; fileRef = 89609FC62757CE13007E4F2D /* Main.storyboard */; };
		89609FCA2757CE18007E4F2D /* Assets.xcassets in Resources */ = {isa = PBXBuildFile; fileRef = 89609FC92757CE18007E4F2D /* Assets.xcassets */; };
		89609FD527580220007E4F2D /* SearchResult.swift in Sources */ = {isa = PBXBuildFile; fileRef = 89609FD427580220007E4F2D /* SearchResult.swift */; };
		89609FD727581087007E4F2D /* SearchResultCell.xib in Resources */ = {isa = PBXBuildFile; fileRef = 89609FD627581086007E4F2D /* SearchResultCell.xib */; };
		89609FD927581943007E4F2D /* SearchResultCell.swift in Sources */ = {isa = PBXBuildFile; fileRef = 89609FD827581943007E4F2D /* SearchResultCell.swift */; };
		89609FDD27581DBC007E4F2D /* NothingFoundCell.xib in Resources */ = {isa = PBXBuildFile; fileRef = 89609FDB27581DBC007E4F2D /* NothingFoundCell.xib */; };
		899BDB22275CFC330020A25B /* LoadingCell.xib in Resources */ = {isa = PBXBuildFile; fileRef = 899BDB21275CFC330020A25B /* LoadingCell.xib */; };
		89A0859B27635F3700C51B6D /* DetailViewController.swift in Sources */ = {isa = PBXBuildFile; fileRef = 89A0859A27635F3700C51B6D /* DetailViewController.swift */; };
		89A0859D27638CAD00C51B6D /* DimmingPresentationController.swift in Sources */ = {isa = PBXBuildFile; fileRef = 89A0859C27638CAD00C51B6D /* DimmingPresentationController.swift */; };
		89A0859F2763D6B300C51B6D /* GradientView.swift in Sources */ = {isa = PBXBuildFile; fileRef = 89A0859E2763D6B300C51B6D /* GradientView.swift */; };
		89A085A1276508AD00C51B6D /* BounceAnimationController.swift in Sources */ = {isa = PBXBuildFile; fileRef = 89A085A0276508AD00C51B6D /* BounceAnimationController.swift */; };
		89A085A3276519A400C51B6D /* SlideOutAnimationController.swift in Sources */ = {isa = PBXBuildFile; fileRef = 89A085A2276519A400C51B6D /* SlideOutAnimationController.swift */; };
		89A085A52765230200C51B6D /* Search.swift in Sources */ = {isa = PBXBuildFile; fileRef = 89A085A42765230200C51B6D /* Search.swift */; };
		89A4E754275EE67B0033EAC4 /* UIImageView+DownloadImage.swift in Sources */ = {isa = PBXBuildFile; fileRef = 89A4E753275EE67B0033EAC4 /* UIImageView+DownloadImage.swift */; };
/* End PBXBuildFile section */

/* Begin PBXFileReference section */
		89609FBD2757CE12007E4F2D /* StoreSearch.app */ = {isa = PBXFileReference; explicitFileType = wrapper.application; includeInIndex = 0; path = StoreSearch.app; sourceTree = BUILT_PRODUCTS_DIR; };
		89609FC02757CE12007E4F2D /* AppDelegate.swift */ = {isa = PBXFileReference; lastKnownFileType = sourcecode.swift; path = AppDelegate.swift; sourceTree = "<group>"; };
		89609FC22757CE13007E4F2D /* SceneDelegate.swift */ = {isa = PBXFileReference; lastKnownFileType = sourcecode.swift; path = SceneDelegate.swift; sourceTree = "<group>"; };
		89609FC42757CE13007E4F2D /* SearchViewController.swift */ = {isa = PBXFileReference; lastKnownFileType = sourcecode.swift; path = SearchViewController.swift; sourceTree = "<group>"; };
		89609FC72757CE13007E4F2D /* Base */ = {isa = PBXFileReference; lastKnownFileType = file.storyboard; name = Base; path = Base.lproj/Main.storyboard; sourceTree = "<group>"; };
		89609FC92757CE18007E4F2D /* Assets.xcassets */ = {isa = PBXFileReference; lastKnownFileType = folder.assetcatalog; path = Assets.xcassets; sourceTree = "<group>"; };
		89609FCE2757CE18007E4F2D /* Info.plist */ = {isa = PBXFileReference; lastKnownFileType = text.plist.xml; path = Info.plist; sourceTree = "<group>"; };
		89609FD427580220007E4F2D /* SearchResult.swift */ = {isa = PBXFileReference; lastKnownFileType = sourcecode.swift; path = SearchResult.swift; sourceTree = "<group>"; };
		89609FD627581086007E4F2D /* SearchResultCell.xib */ = {isa = PBXFileReference; lastKnownFileType = file.xib; path = SearchResultCell.xib; sourceTree = "<group>"; };
		89609FD827581943007E4F2D /* SearchResultCell.swift */ = {isa = PBXFileReference; lastKnownFileType = sourcecode.swift; path = SearchResultCell.swift; sourceTree = "<group>"; };
		89609FDB27581DBC007E4F2D /* NothingFoundCell.xib */ = {isa = PBXFileReference; lastKnownFileType = file.xib; path = NothingFoundCell.xib; sourceTree = "<group>"; };
		899BDB21275CFC330020A25B /* LoadingCell.xib */ = {isa = PBXFileReference; lastKnownFileType = file.xib; path = LoadingCell.xib; sourceTree = "<group>"; };
		89A0859A27635F3700C51B6D /* DetailViewController.swift */ = {isa = PBXFileReference; lastKnownFileType = sourcecode.swift; path = DetailViewController.swift; sourceTree = "<group>"; };
		89A0859C27638CAD00C51B6D /* DimmingPresentationController.swift */ = {isa = PBXFileReference; lastKnownFileType = sourcecode.swift; path = DimmingPresentationController.swift; sourceTree = "<group>"; };
		89A0859E2763D6B300C51B6D /* GradientView.swift */ = {isa = PBXFileReference; lastKnownFileType = sourcecode.swift; path = GradientView.swift; sourceTree = "<group>"; };
		89A085A0276508AD00C51B6D /* BounceAnimationController.swift */ = {isa = PBXFileReference; lastKnownFileType = sourcecode.swift; path = BounceAnimationController.swift; sourceTree = "<group>"; };
		89A085A2276519A400C51B6D /* SlideOutAnimationController.swift */ = {isa = PBXFileReference; lastKnownFileType = sourcecode.swift; path = SlideOutAnimationController.swift; sourceTree = "<group>"; };
		89A085A42765230200C51B6D /* Search.swift */ = {isa = PBXFileReference; lastKnownFileType = sourcecode.swift; path = Search.swift; sourceTree = "<group>"; };
		89A4E753275EE67B0033EAC4 /* UIImageView+DownloadImage.swift */ = {isa = PBXFileReference; lastKnownFileType = sourcecode.swift; path = "UIImageView+DownloadImage.swift"; sourceTree = "<group>"; };
/* End PBXFileReference section */

/* Begin PBXFrameworksBuildPhase section */
		89609FBA2757CE12007E4F2D /* Frameworks */ = {
			isa = PBXFrameworksBuildPhase;
			buildActionMask = 2147483647;
			files = (
			);
			runOnlyForDeploymentPostprocessing = 0;
		};
/* End PBXFrameworksBuildPhase section */

/* Begin PBXGroup section */
		89609FB42757CE12007E4F2D = {
			isa = PBXGroup;
			children = (
				89609FBF2757CE12007E4F2D /* StoreSearch */,
				89609FBE2757CE12007E4F2D /* Products */,
			);
			sourceTree = "<group>";
		};
		89609FBE2757CE12007E4F2D /* Products */ = {
			isa = PBXGroup;
			children = (
				89609FBD2757CE12007E4F2D /* StoreSearch.app */,
			);
			name = Products;
			sourceTree = "<group>";
		};
		89609FBF2757CE12007E4F2D /* StoreSearch */ = {
			isa = PBXGroup;
			children = (
				89A085A72765492F00C51B6D /* Model */,
				89A085A6276548E200C51B6D /* View */,
				89A085A82765493900C51B6D /* Controller */,
				89A085A92765496200C51B6D /* AppDelegate */,
				89A085AB27654BD500C51B6D /* Extensions */,
				89609FC92757CE18007E4F2D /* Assets.xcassets */,
				89609FCE2757CE18007E4F2D /* Info.plist */,
			);
			path = StoreSearch;
			sourceTree = "<group>";
		};
		89A085A6276548E200C51B6D /* View */ = {
			isa = PBXGroup;
			children = (
				89609FC62757CE13007E4F2D /* Main.storyboard */,
				89609FDB27581DBC007E4F2D /* NothingFoundCell.xib */,
				899BDB21275CFC330020A25B /* LoadingCell.xib */,
				89609FD627581086007E4F2D /* SearchResultCell.xib */,
				89609FD827581943007E4F2D /* SearchResultCell.swift */,
				89A0859E2763D6B300C51B6D /* GradientView.swift */,
			);
			path = View;
			sourceTree = "<group>";
		};
		89A085A72765492F00C51B6D /* Model */ = {
			isa = PBXGroup;
			children = (
				89A085A42765230200C51B6D /* Search.swift */,
				89609FD427580220007E4F2D /* SearchResult.swift */,
			);
			path = Model;
			sourceTree = "<group>";
		};
		89A085A82765493900C51B6D /* Controller */ = {
			isa = PBXGroup;
			children = (
				89609FC42757CE13007E4F2D /* SearchViewController.swift */,
				89A0859A27635F3700C51B6D /* DetailViewController.swift */,
				89A085AA276549E400C51B6D /* Animation */,
			);
			path = Controller;
			sourceTree = "<group>";
		};
		89A085A92765496200C51B6D /* AppDelegate */ = {
			isa = PBXGroup;
			children = (
				89609FC02757CE12007E4F2D /* AppDelegate.swift */,
				89609FC22757CE13007E4F2D /* SceneDelegate.swift */,
			);
			path = AppDelegate;
			sourceTree = "<group>";
		};
		89A085AA276549E400C51B6D /* Animation */ = {
			isa = PBXGroup;
			children = (
				89A085A0276508AD00C51B6D /* BounceAnimationController.swift */,
				89A0859C27638CAD00C51B6D /* DimmingPresentationController.swift */,
				89A085A2276519A400C51B6D /* SlideOutAnimationController.swift */,
			);
			path = Animation;
			sourceTree = "<group>";
		};
		89A085AB27654BD500C51B6D /* Extensions */ = {
			isa = PBXGroup;
			children = (
				89A4E753275EE67B0033EAC4 /* UIImageView+DownloadImage.swift */,
			);
			path = Extensions;
			sourceTree = "<group>";
		};
/* End PBXGroup section */

/* Begin PBXNativeTarget section */
		89609FBC2757CE12007E4F2D /* StoreSearch */ = {
			isa = PBXNativeTarget;
			buildConfigurationList = 89609FD12757CE18007E4F2D /* Build configuration list for PBXNativeTarget "StoreSearch" */;
			buildPhases = (
				89609FB92757CE12007E4F2D /* Sources */,
				89609FBA2757CE12007E4F2D /* Frameworks */,
				89609FBB2757CE12007E4F2D /* Resources */,
			);
			buildRules = (
			);
			dependencies = (
			);
			name = StoreSearch;
			productName = StoreSearch;
			productReference = 89609FBD2757CE12007E4F2D /* StoreSearch.app */;
			productType = "com.apple.product-type.application";
		};
/* End PBXNativeTarget section */

/* Begin PBXProject section */
		89609FB52757CE12007E4F2D /* Project object */ = {
			isa = PBXProject;
			attributes = {
				BuildIndependentTargetsInParallel = 1;
				LastSwiftUpdateCheck = 1310;
				LastUpgradeCheck = 1310;
				TargetAttributes = {
					89609FBC2757CE12007E4F2D = {
						CreatedOnToolsVersion = 13.1;
					};
				};
			};
			buildConfigurationList = 89609FB82757CE12007E4F2D /* Build configuration list for PBXProject "StoreSearch" */;
			compatibilityVersion = "Xcode 13.0";
			developmentRegion = en;
			hasScannedForEncodings = 0;
			knownRegions = (
				en,
				Base,
			);
			mainGroup = 89609FB42757CE12007E4F2D;
			productRefGroup = 89609FBE2757CE12007E4F2D /* Products */;
			projectDirPath = "";
			projectRoot = "";
			targets = (
				89609FBC2757CE12007E4F2D /* StoreSearch */,
			);
		};
/* End PBXProject section */

/* Begin PBXResourcesBuildPhase section */
		89609FBB2757CE12007E4F2D /* Resources */ = {
			isa = PBXResourcesBuildPhase;
			buildActionMask = 2147483647;
			files = (
				89609FCA2757CE18007E4F2D /* Assets.xcassets in Resources */,
				899BDB22275CFC330020A25B /* LoadingCell.xib in Resources */,
				89609FD727581087007E4F2D /* SearchResultCell.xib in Resources */,
				89609FDD27581DBC007E4F2D /* NothingFoundCell.xib in Resources */,
				89609FC82757CE13007E4F2D /* Main.storyboard in Resources */,
			);
			runOnlyForDeploymentPostprocessing = 0;
		};
/* End PBXResourcesBuildPhase section */

/* Begin PBXSourcesBuildPhase section */
		89609FB92757CE12007E4F2D /* Sources */ = {
			isa = PBXSourcesBuildPhase;
			buildActionMask = 2147483647;
			files = (
				89609FC52757CE13007E4F2D /* SearchViewController.swift in Sources */,
				89609FC12757CE12007E4F2D /* AppDelegate.swift in Sources */,
				89A4E754275EE67B0033EAC4 /* UIImageView+DownloadImage.swift in Sources */,
				89A0859D27638CAD00C51B6D /* DimmingPresentationController.swift in Sources */,
				89A085A1276508AD00C51B6D /* BounceAnimationController.swift in Sources */,
				89609FD527580220007E4F2D /* SearchResult.swift in Sources */,
				89609FC32757CE13007E4F2D /* SceneDelegate.swift in Sources */,
				89609FD927581943007E4F2D /* SearchResultCell.swift in Sources */,
				89A085A3276519A400C51B6D /* SlideOutAnimationController.swift in Sources */,
				89A085A52765230200C51B6D /* Search.swift in Sources */,
				89A0859B27635F3700C51B6D /* DetailViewController.swift in Sources */,
				89A0859F2763D6B300C51B6D /* GradientView.swift in Sources */,
			);
			runOnlyForDeploymentPostprocessing = 0;
		};
/* End PBXSourcesBuildPhase section */

/* Begin PBXVariantGroup section */
		89609FC62757CE13007E4F2D /* Main.storyboard */ = {
			isa = PBXVariantGroup;
			children = (
				89609FC72757CE13007E4F2D /* Base */,
			);
			name = Main.storyboard;
			sourceTree = "<group>";
		};
/* End PBXVariantGroup section */

/* Begin XCBuildConfiguration section */
		89609FCF2757CE18007E4F2D /* Debug */ = {
			isa = XCBuildConfiguration;
			buildSettings = {
				ALWAYS_SEARCH_USER_PATHS = NO;
				CLANG_ANALYZER_NONNULL = YES;
				CLANG_ANALYZER_NUMBER_OBJECT_CONVERSION = YES_AGGRESSIVE;
				CLANG_CXX_LANGUAGE_STANDARD = "gnu++17";
				CLANG_CXX_LIBRARY = "libc++";
				CLANG_ENABLE_MODULES = YES;
				CLANG_ENABLE_OBJC_ARC = YES;
				CLANG_ENABLE_OBJC_WEAK = YES;
				CLANG_WARN_BLOCK_CAPTURE_AUTORELEASING = YES;
				CLANG_WARN_BOOL_CONVERSION = YES;
				CLANG_WARN_COMMA = YES;
				CLANG_WARN_CONSTANT_CONVERSION = YES;
				CLANG_WARN_DEPRECATED_OBJC_IMPLEMENTATIONS = YES;
				CLANG_WARN_DIRECT_OBJC_ISA_USAGE = YES_ERROR;
				CLANG_WARN_DOCUMENTATION_COMMENTS = YES;
				CLANG_WARN_EMPTY_BODY = YES;
				CLANG_WARN_ENUM_CONVERSION = YES;
				CLANG_WARN_INFINITE_RECURSION = YES;
				CLANG_WARN_INT_CONVERSION = YES;
				CLANG_WARN_NON_LITERAL_NULL_CONVERSION = YES;
				CLANG_WARN_OBJC_IMPLICIT_RETAIN_SELF = YES;
				CLANG_WARN_OBJC_LITERAL_CONVERSION = YES;
				CLANG_WARN_OBJC_ROOT_CLASS = YES_ERROR;
				CLANG_WARN_QUOTED_INCLUDE_IN_FRAMEWORK_HEADER = YES;
				CLANG_WARN_RANGE_LOOP_ANALYSIS = YES;
				CLANG_WARN_STRICT_PROTOTYPES = YES;
				CLANG_WARN_SUSPICIOUS_MOVE = YES;
				CLANG_WARN_UNGUARDED_AVAILABILITY = YES_AGGRESSIVE;
				CLANG_WARN_UNREACHABLE_CODE = YES;
				CLANG_WARN__DUPLICATE_METHOD_MATCH = YES;
				COPY_PHASE_STRIP = NO;
				DEBUG_INFORMATION_FORMAT = dwarf;
				ENABLE_STRICT_OBJC_MSGSEND = YES;
				ENABLE_TESTABILITY = YES;
				GCC_C_LANGUAGE_STANDARD = gnu11;
				GCC_DYNAMIC_NO_PIC = NO;
				GCC_NO_COMMON_BLOCKS = YES;
				GCC_OPTIMIZATION_LEVEL = 0;
				GCC_PREPROCESSOR_DEFINITIONS = (
					"DEBUG=1",
					"$(inherited)",
				);
				GCC_WARN_64_TO_32_BIT_CONVERSION = YES;
				GCC_WARN_ABOUT_RETURN_TYPE = YES_ERROR;
				GCC_WARN_UNDECLARED_SELECTOR = YES;
				GCC_WARN_UNINITIALIZED_AUTOS = YES_AGGRESSIVE;
				GCC_WARN_UNUSED_FUNCTION = YES;
				GCC_WARN_UNUSED_VARIABLE = YES;
				IPHONEOS_DEPLOYMENT_TARGET = 15.0;
				MTL_ENABLE_DEBUG_INFO = INCLUDE_SOURCE;
				MTL_FAST_MATH = YES;
				ONLY_ACTIVE_ARCH = YES;
				SDKROOT = iphoneos;
				SWIFT_ACTIVE_COMPILATION_CONDITIONS = DEBUG;
				SWIFT_OPTIMIZATION_LEVEL = "-Onone";
			};
			name = Debug;
		};
		89609FD02757CE18007E4F2D /* Release */ = {
			isa = XCBuildConfiguration;
			buildSettings = {
				ALWAYS_SEARCH_USER_PATHS = NO;
				CLANG_ANALYZER_NONNULL = YES;
				CLANG_ANALYZER_NUMBER_OBJECT_CONVERSION = YES_AGGRESSIVE;
				CLANG_CXX_LANGUAGE_STANDARD = "gnu++17";
				CLANG_CXX_LIBRARY = "libc++";
				CLANG_ENABLE_MODULES = YES;
				CLANG_ENABLE_OBJC_ARC = YES;
				CLANG_ENABLE_OBJC_WEAK = YES;
				CLANG_WARN_BLOCK_CAPTURE_AUTORELEASING = YES;
				CLANG_WARN_BOOL_CONVERSION = YES;
				CLANG_WARN_COMMA = YES;
				CLANG_WARN_CONSTANT_CONVERSION = YES;
				CLANG_WARN_DEPRECATED_OBJC_IMPLEMENTATIONS = YES;
				CLANG_WARN_DIRECT_OBJC_ISA_USAGE = YES_ERROR;
				CLANG_WARN_DOCUMENTATION_COMMENTS = YES;
				CLANG_WARN_EMPTY_BODY = YES;
				CLANG_WARN_ENUM_CONVERSION = YES;
				CLANG_WARN_INFINITE_RECURSION = YES;
				CLANG_WARN_INT_CONVERSION = YES;
				CLANG_WARN_NON_LITERAL_NULL_CONVERSION = YES;
				CLANG_WARN_OBJC_IMPLICIT_RETAIN_SELF = YES;
				CLANG_WARN_OBJC_LITERAL_CONVERSION = YES;
				CLANG_WARN_OBJC_ROOT_CLASS = YES_ERROR;
				CLANG_WARN_QUOTED_INCLUDE_IN_FRAMEWORK_HEADER = YES;
				CLANG_WARN_RANGE_LOOP_ANALYSIS = YES;
				CLANG_WARN_STRICT_PROTOTYPES = YES;
				CLANG_WARN_SUSPICIOUS_MOVE = YES;
				CLANG_WARN_UNGUARDED_AVAILABILITY = YES_AGGRESSIVE;
				CLANG_WARN_UNREACHABLE_CODE = YES;
				CLANG_WARN__DUPLICATE_METHOD_MATCH = YES;
				COPY_PHASE_STRIP = NO;
				DEBUG_INFORMATION_FORMAT = "dwarf-with-dsym";
				ENABLE_NS_ASSERTIONS = NO;
				ENABLE_STRICT_OBJC_MSGSEND = YES;
				GCC_C_LANGUAGE_STANDARD = gnu11;
				GCC_NO_COMMON_BLOCKS = YES;
				GCC_WARN_64_TO_32_BIT_CONVERSION = YES;
				GCC_WARN_ABOUT_RETURN_TYPE = YES_ERROR;
				GCC_WARN_UNDECLARED_SELECTOR = YES;
				GCC_WARN_UNINITIALIZED_AUTOS = YES_AGGRESSIVE;
				GCC_WARN_UNUSED_FUNCTION = YES;
				GCC_WARN_UNUSED_VARIABLE = YES;
				IPHONEOS_DEPLOYMENT_TARGET = 15.0;
				MTL_ENABLE_DEBUG_INFO = NO;
				MTL_FAST_MATH = YES;
				SDKROOT = iphoneos;
				SWIFT_COMPILATION_MODE = wholemodule;
				SWIFT_OPTIMIZATION_LEVEL = "-O";
				VALIDATE_PRODUCT = YES;
			};
			name = Release;
		};
		89609FD22757CE18007E4F2D /* Debug */ = {
			isa = XCBuildConfiguration;
			buildSettings = {
				ASSETCATALOG_COMPILER_APPICON_NAME = AppIcon;
				ASSETCATALOG_COMPILER_GLOBAL_ACCENT_COLOR_NAME = AccentColor;
				CODE_SIGN_STYLE = Automatic;
				CURRENT_PROJECT_VERSION = 1;
				DEVELOPMENT_TEAM = D3M2362AJ6;
				GENERATE_INFOPLIST_FILE = YES;
				INFOPLIST_FILE = StoreSearch/Info.plist;
				INFOPLIST_KEY_UIApplicationSupportsIndirectInputEvents = YES;
				INFOPLIST_KEY_UILaunchStoryboardName = Main;
				INFOPLIST_KEY_UIMainStoryboardFile = Main;
				INFOPLIST_KEY_UISupportedInterfaceOrientations_iPad = "UIInterfaceOrientationPortrait UIInterfaceOrientationPortraitUpsideDown UIInterfaceOrientationLandscapeLeft UIInterfaceOrientationLandscapeRight";
				INFOPLIST_KEY_UISupportedInterfaceOrientations_iPhone = "UIInterfaceOrientationPortrait UIInterfaceOrientationLandscapeLeft UIInterfaceOrientationLandscapeRight";
				LD_RUNPATH_SEARCH_PATHS = (
					"$(inherited)",
					"@executable_path/Frameworks",
				);
				MARKETING_VERSION = 1.0;
				PRODUCT_BUNDLE_IDENTIFIER = com.shanidzeann.StoreSearch;
				PRODUCT_NAME = "$(TARGET_NAME)";
				SWIFT_EMIT_LOC_STRINGS = YES;
				SWIFT_VERSION = 5.0;
				TARGETED_DEVICE_FAMILY = "1,2";
			};
			name = Debug;
		};
		89609FD32757CE18007E4F2D /* Release */ = {
			isa = XCBuildConfiguration;
			buildSettings = {
				ASSETCATALOG_COMPILER_APPICON_NAME = AppIcon;
				ASSETCATALOG_COMPILER_GLOBAL_ACCENT_COLOR_NAME = AccentColor;
				CODE_SIGN_STYLE = Automatic;
				CURRENT_PROJECT_VERSION = 1;
				DEVELOPMENT_TEAM = D3M2362AJ6;
				GENERATE_INFOPLIST_FILE = YES;
				INFOPLIST_FILE = StoreSearch/Info.plist;
				INFOPLIST_KEY_UIApplicationSupportsIndirectInputEvents = YES;
				INFOPLIST_KEY_UILaunchStoryboardName = Main;
				INFOPLIST_KEY_UIMainStoryboardFile = Main;
				INFOPLIST_KEY_UISupportedInterfaceOrientations_iPad = "UIInterfaceOrientationPortrait UIInterfaceOrientationPortraitUpsideDown UIInterfaceOrientationLandscapeLeft UIInterfaceOrientationLandscapeRight";
				INFOPLIST_KEY_UISupportedInterfaceOrientations_iPhone = "UIInterfaceOrientationPortrait UIInterfaceOrientationLandscapeLeft UIInterfaceOrientationLandscapeRight";
				LD_RUNPATH_SEARCH_PATHS = (
					"$(inherited)",
					"@executable_path/Frameworks",
				);
				MARKETING_VERSION = 1.0;
				PRODUCT_BUNDLE_IDENTIFIER = com.shanidzeann.StoreSearch;
				PRODUCT_NAME = "$(TARGET_NAME)";
				SWIFT_EMIT_LOC_STRINGS = YES;
				SWIFT_VERSION = 5.0;
				TARGETED_DEVICE_FAMILY = "1,2";
			};
			name = Release;
		};
/* End XCBuildConfiguration section */

/* Begin XCConfigurationList section */
		89609FB82757CE12007E4F2D /* Build configuration list for PBXProject "StoreSearch" */ = {
			isa = XCConfigurationList;
			buildConfigurations = (
				89609FCF2757CE18007E4F2D /* Debug */,
				89609FD02757CE18007E4F2D /* Release */,
			);
			defaultConfigurationIsVisible = 0;
			defaultConfigurationName = Release;
		};
		89609FD12757CE18007E4F2D /* Build configuration list for PBXNativeTarget "StoreSearch" */ = {
			isa = XCConfigurationList;
			buildConfigurations = (
				89609FD22757CE18007E4F2D /* Debug */,
				89609FD32757CE18007E4F2D /* Release */,
			);
			defaultConfigurationIsVisible = 0;
			defaultConfigurationName = Release;
		};
/* End XCConfigurationList section */
	};
	rootObject = 89609FB52757CE12007E4F2D /* Project object */;
}
